
Microsoft Visual Studio Solution File, Format Version 12.00
# Visual Studio Version 17
VisualStudioVersion = 17.7.34221.43
MinimumVisualStudioVersion = 10.0.40219.1
Project("{FAE04EC0-301F-11D3-BF4B-00C04F79EFBC}") = "ThunderAutoConfig-NET", "ThunderAutoConfig-NET.csproj", "{1A5F203A-A33E-4B05-90A5-0D1C4D6153DB}"
EndProject
Global
	GlobalSection(SolutionConfigurationPlatforms) = preSolution
		Debug|Any CPU = Debug|Any CPU
		Release|Any CPU = Release|Any CPU
	EndGlobalSection
	GlobalSection(ProjectConfigurationPlatforms) = postSolution
		{1A5F203A-A33E-4B05-90A5-0D1C4D6153DB}.Debug|Any CPU.ActiveCfg = Debug|Any CPU
		{1A5F203A-A33E-4B05-90A5-0D1C4D6153DB}.Debug|Any CPU.Build.0 = Debug|Any CPU
		{1A5F203A-A33E-4B05-90A5-0D1C4D6153DB}.Release|Any CPU.ActiveCfg = Release|Any CPU
		{1A5F203A-A33E-4B05-90A5-0D1C4D6153DB}.Release|Any CPU.Build.0 = Release|Any CPU
	EndGlobalSection
	GlobalSection(SolutionProperties) = preSolution
		HideSolutionNode = FALSE
	EndGlobalSection
	GlobalSection(ExtensibilityGlobals) = postSolution
		SolutionGuid = {E57EAEC2-0BE7-47D1-82EF-AF52E56F5E9C}
	EndGlobalSection
EndGlobal
